
Microsoft Visual Studio Solution File, Format Version 12.00
Project("{FAE04EC0-301F-11D3-BF4B-00C04F79EFBC}") = "keep-track-be", "keep-track-be.csproj", "{27FDE9E5-034A-47CB-B911-AF38C0BD35F8}"
EndProject
Project("{2150E333-8FDC-42A3-9474-1A3956D46DE8}") = "Solution Items", "Solution Items", "{BAC85319-041E-46B7-867E-1AAC5C93D341}"
	ProjectSection(SolutionItems) = preProject
		compose.yaml = compose.yaml
	EndProjectSection
EndProject
Global
	GlobalSection(SolutionConfigurationPlatforms) = preSolution
		Debug|Any CPU = Debug|Any CPU
		Release|Any CPU = Release|Any CPU
	EndGlobalSection
	GlobalSection(ProjectConfigurationPlatforms) = postSolution
		{27FDE9E5-034A-47CB-B911-AF38C0BD35F8}.Debug|Any CPU.ActiveCfg = Debug|Any CPU
		{27FDE9E5-034A-47CB-B911-AF38C0BD35F8}.Debug|Any CPU.Build.0 = Debug|Any CPU
		{27FDE9E5-034A-47CB-B911-AF38C0BD35F8}.Release|Any CPU.ActiveCfg = Release|Any CPU
		{27FDE9E5-034A-47CB-B911-AF38C0BD35F8}.Release|Any CPU.Build.0 = Release|Any CPU
	EndGlobalSection
EndGlobal
